github.com/adharshchottu/upsc-notes-theme v0.0.0-20221210101927-ab5717409494 h1:XZAxDlHnYdVAJ6Np1JfLEZT+vA8KOjncVtdAn6f5dwU=
github.com/adharshchottu/upsc-notes-theme v0.0.0-20221210101927-ab5717409494/go.mod h1:nGOGop8qhP2UKtzcSJgg5fqkpyo6nOU/xYMXywx3nl8=
github.com/themefisher/twenty-twenty-hugo v0.0.0-20200906091351-7c469dbc3e68 h1:ShatRRhNswxZnCp5doRkDNvHGw1+VAzOJ/USlfbzIvY=
github.com/themefisher/twenty-twenty-hugo v0.0.0-20200906091351-7c469dbc3e68/go.mod h1:7a678ZDuA7y0P3Rc/QtvbdWjRsNFiJ72RWd9pOQT8NI=
